
Microsoft Visual Studio Solution File, Format Version 12.00
# Visual Studio Version 17
VisualStudioVersion = 17.7.34031.279
MinimumVisualStudioVersion = 10.0.40219.1
Project("{FAE04EC0-301F-11D3-BF4B-00C04F79EFBC}") = "EntityFrameworkCodeFirst", "EntityFrameworkCodeFirst\EntityFrameworkCodeFirst.csproj", "{A917BDC1-8605-481D-BA80-6998C8D97F82}"
EndProject
Global
	GlobalSection(SolutionConfigurationPlatforms) = preSolution
		Debug|Any CPU = Debug|Any CPU
		Release|Any CPU = Release|Any CPU
	EndGlobalSection
	GlobalSection(ProjectConfigurationPlatforms) = postSolution
		{A917BDC1-8605-481D-BA80-6998C8D97F82}.Debug|Any CPU.ActiveCfg = Debug|Any CPU
		{A917BDC1-8605-481D-BA80-6998C8D97F82}.Debug|Any CPU.Build.0 = Debug|Any CPU
		{A917BDC1-8605-481D-BA80-6998C8D97F82}.Release|Any CPU.ActiveCfg = Release|Any CPU
		{A917BDC1-8605-481D-BA80-6998C8D97F82}.Release|Any CPU.Build.0 = Release|Any CPU
	EndGlobalSection
	GlobalSection(SolutionProperties) = preSolution
		HideSolutionNode = FALSE
	EndGlobalSection
	GlobalSection(ExtensibilityGlobals) = postSolution
		SolutionGuid = {DBECB8C5-1BA1-43EF-A773-8711ED5358AB}
	EndGlobalSection
EndGlobal
